
Microsoft Visual Studio Solution File, Format Version 12.00
# Visual Studio Version 16
VisualStudioVersion = 16.0.33529.622
MinimumVisualStudioVersion = 10.0.40219.1
Project("{FAE04EC0-301F-11D3-BF4B-00C04F79EFBC}") = "EShop", "EShop\EShop.csproj", "{BA9CD056-2509-402B-A99D-C1A29854164F}"
EndProject
Global
	GlobalSection(SolutionConfigurationPlatforms) = preSolution
		Debug|Any CPU = Debug|Any CPU
		Release|Any CPU = Release|Any CPU
	EndGlobalSection
	GlobalSection(ProjectConfigurationPlatforms) = postSolution
		{BA9CD056-2509-402B-A99D-C1A29854164F}.Debug|Any CPU.ActiveCfg = Debug|Any CPU
		{BA9CD056-2509-402B-A99D-C1A29854164F}.Debug|Any CPU.Build.0 = Debug|Any CPU
		{BA9CD056-2509-402B-A99D-C1A29854164F}.Release|Any CPU.ActiveCfg = Release|Any CPU
		{BA9CD056-2509-402B-A99D-C1A29854164F}.Release|Any CPU.Build.0 = Release|Any CPU
	EndGlobalSection
	GlobalSection(SolutionProperties) = preSolution
		HideSolutionNode = FALSE
	EndGlobalSection
	GlobalSection(ExtensibilityGlobals) = postSolution
		SolutionGuid = {DDA15345-055F-4AA2-9CBD-D15FD6A3CA98}
	EndGlobalSection
EndGlobal
